# This file is autogenerated, do not edit; changes may be undone by the next 'dep ensure'.


[[projects]]
  branch = "master"
  name = "github.com/otiai10/jsonindent"
  packages = ["."]
  revision = "447bf004320b8f3037c7d36d56edddea668c4f05"

[[projects]]
  name = "github.com/otiai10/mint"
  packages = ["."]
  revision = "35730131bb808e17c9f26f1204a9bcc6f9e12fb4"
  version = "1.1"

[[projects]]
  branch = "master"
  name = "github.com/otiai10/yaml2json"
  packages = ["."]
  revision = "ddc967a37458296bf5e0830f8287f92bbfecc515"

[[projects]]
  branch = "master"
  name = "github.com/robertkrimen/otto"
  packages = [".","ast","dbg","file","parser","registry","token"]
  revision = "15f95af6e78dcd2030d8195a138bd88d4f403546"

[[projects]]
  name = "gopkg.in/sourcemap.v1"
  packages = [".","base64vlq"]
  revision = "6e83acea0053641eff084973fee085f0c193c61a"
  version = "v1.0.5"

[[projects]]
  name = "gopkg.in/yaml.v2"
  packages = ["."]
  revision = "5420a8b6744d3b0345ab293f6fcba19c978f1183"
  version = "v2.2.1"

[solve-meta]
  analyzer-name = "dep"
  analyzer-version = 1
  inputs-digest = "18e5bab2890e36b46e3cd70e2866e4cf43c03a2c1fb10d6dbf68fa77053c1e58"
  solver-name = "gps-cdcl"
  solver-version = 1
